
Microsoft Visual Studio Solution File, Format Version 12.00
# Visual Studio Version 17
VisualStudioVersion = 17.11.35327.3
MinimumVisualStudioVersion = 10.0.40219.1
Project("{2150E333-8FDC-42A3-9474-1A3956D46DE8}") = "CommandService", "CommandService", "{030614F9-52AE-424F-8BA7-710BE2B66EB4}"
EndProject
Project("{2150E333-8FDC-42A3-9474-1A3956D46DE8}") = "QueryService", "QueryService", "{CAE45B85-D1B7-4EB0-A1C1-D27E9C98296D}"
EndProject
Project("{9A19103F-16F7-4668-BE54-9A1E7A4F7556}") = "Query.Infrastructure", "Query.Infrastructure\Query.Infrastructure.csproj", "{55F6939A-9B06-4851-8088-D03C6F2C64AC}"
EndProject
Project("{9A19103F-16F7-4668-BE54-9A1E7A4F7556}") = "SharedKernel", "SharedKernel\SharedKernel.csproj", "{651541CE-1BFD-4C3D-A0E2-E81D667BC980}"
EndProject
Project("{9A19103F-16F7-4668-BE54-9A1E7A4F7556}") = "Query.Domain", "Query.Domain\Query.Domain.csproj", "{DA4545E1-28DE-49BC-AEFD-CDE1002C6844}"
EndProject
Project("{9A19103F-16F7-4668-BE54-9A1E7A4F7556}") = "Command.Domain", "Command.Domain\Command.Domain.csproj", "{BA463354-7C28-4A7B-81AC-FACF339828B6}"
EndProject
Project("{9A19103F-16F7-4668-BE54-9A1E7A4F7556}") = "Command.Persistence", "Command.Persistence\Command.Persistence.csproj", "{5686DBE5-C877-48D2-92E6-A6F105354AF8}"
EndProject
Project("{9A19103F-16F7-4668-BE54-9A1E7A4F7556}") = "Command.Application", "Command.Application\Command.Application.csproj", "{07B911C9-DEF8-453E-B316-89EB2E3155F0}"
EndProject
Project("{2150E333-8FDC-42A3-9474-1A3956D46DE8}") = "Services", "Services", "{9CCE86B5-B23B-458A-8871-8CAA1454C414}"
EndProject
Project("{2150E333-8FDC-42A3-9474-1A3956D46DE8}") = "Core", "Core", "{C1080D5E-6B56-4BFD-84E8-7E8371C40D61}"
EndProject
Project("{2150E333-8FDC-42A3-9474-1A3956D46DE8}") = "Infrastructure", "Infrastructure", "{B5150297-75F6-4ED2-9070-5F2EA58DA5E2}"
EndProject
Project("{2150E333-8FDC-42A3-9474-1A3956D46DE8}") = "Presentation", "Presentation", "{8B738192-B627-4230-B115-9B347615A62A}"
EndProject
Project("{2150E333-8FDC-42A3-9474-1A3956D46DE8}") = "Core", "Core", "{DACB768B-4319-49DE-97C8-17C2727C8CB4}"
EndProject
Project("{2150E333-8FDC-42A3-9474-1A3956D46DE8}") = "Infrastructure", "Infrastructure", "{DEC28236-52D6-45AD-B723-C790D606DB7E}"
EndProject
Project("{2150E333-8FDC-42A3-9474-1A3956D46DE8}") = "Presentation", "Presentation", "{61AA3CAD-2A03-4AE0-95A3-4E8163015AF1}"
EndProject
Project("{9A19103F-16F7-4668-BE54-9A1E7A4F7556}") = "Command.WebApi", "Command.WebApi\Command.WebApi.csproj", "{4E9088E2-C7C6-4769-8A6C-1533490D072F}"
EndProject
Project("{9A19103F-16F7-4668-BE54-9A1E7A4F7556}") = "Command.Infrastructure", "Command.Infrastructure\Command.Infrastructure.csproj", "{CEE59883-2A50-4864-9B50-EC62BB1897A3}"
EndProject
Project("{9A19103F-16F7-4668-BE54-9A1E7A4F7556}") = "Query.WebApi", "Query.WebApi\Query.WebApi.csproj", "{47826BAD-248D-42D9-A97B-DA5399EE46B9}"
EndProject
Project("{9A19103F-16F7-4668-BE54-9A1E7A4F7556}") = "Query.Persistence", "Query.Persistence\Query.Persistence.csproj", "{AED5E79C-726B-43C3-91C3-315A26526538}"
EndProject
Project("{9A19103F-16F7-4668-BE54-9A1E7A4F7556}") = "Query.Application", "Query.Application\Query.Application.csproj", "{30E90BD7-63D0-465E-87D3-0EDB81776605}"
EndProject
Global
	GlobalSection(SolutionConfigurationPlatforms) = preSolution
		Debug|Any CPU = Debug|Any CPU
		Release|Any CPU = Release|Any CPU
	EndGlobalSection
	GlobalSection(ProjectConfigurationPlatforms) = postSolution
		{55F6939A-9B06-4851-8088-D03C6F2C64AC}.Debug|Any CPU.ActiveCfg = Debug|Any CPU
		{55F6939A-9B06-4851-8088-D03C6F2C64AC}.Debug|Any CPU.Build.0 = Debug|Any CPU
		{55F6939A-9B06-4851-8088-D03C6F2C64AC}.Release|Any CPU.ActiveCfg = Release|Any CPU
		{55F6939A-9B06-4851-8088-D03C6F2C64AC}.Release|Any CPU.Build.0 = Release|Any CPU
		{651541CE-1BFD-4C3D-A0E2-E81D667BC980}.Debug|Any CPU.ActiveCfg = Debug|Any CPU
		{651541CE-1BFD-4C3D-A0E2-E81D667BC980}.Debug|Any CPU.Build.0 = Debug|Any CPU
		{651541CE-1BFD-4C3D-A0E2-E81D667BC980}.Release|Any CPU.ActiveCfg = Release|Any CPU
		{651541CE-1BFD-4C3D-A0E2-E81D667BC980}.Release|Any CPU.Build.0 = Release|Any CPU
		{DA4545E1-28DE-49BC-AEFD-CDE1002C6844}.Debug|Any CPU.ActiveCfg = Debug|Any CPU
		{DA4545E1-28DE-49BC-AEFD-CDE1002C6844}.Debug|Any CPU.Build.0 = Debug|Any CPU
		{DA4545E1-28DE-49BC-AEFD-CDE1002C6844}.Release|Any CPU.ActiveCfg = Release|Any CPU
		{DA4545E1-28DE-49BC-AEFD-CDE1002C6844}.Release|Any CPU.Build.0 = Release|Any CPU
		{BA463354-7C28-4A7B-81AC-FACF339828B6}.Debug|Any CPU.ActiveCfg = Debug|Any CPU
		{BA463354-7C28-4A7B-81AC-FACF339828B6}.Debug|Any CPU.Build.0 = Debug|Any CPU
		{BA463354-7C28-4A7B-81AC-FACF339828B6}.Release|Any CPU.ActiveCfg = Release|Any CPU
		{BA463354-7C28-4A7B-81AC-FACF339828B6}.Release|Any CPU.Build.0 = Release|Any CPU
		{5686DBE5-C877-48D2-92E6-A6F105354AF8}.Debug|Any CPU.ActiveCfg = Debug|Any CPU
		{5686DBE5-C877-48D2-92E6-A6F105354AF8}.Debug|Any CPU.Build.0 = Debug|Any CPU
		{5686DBE5-C877-48D2-92E6-A6F105354AF8}.Release|Any CPU.ActiveCfg = Release|Any CPU
		{5686DBE5-C877-48D2-92E6-A6F105354AF8}.Release|Any CPU.Build.0 = Release|Any CPU
		{07B911C9-DEF8-453E-B316-89EB2E3155F0}.Debug|Any CPU.ActiveCfg = Debug|Any CPU
		{07B911C9-DEF8-453E-B316-89EB2E3155F0}.Debug|Any CPU.Build.0 = Debug|Any CPU
		{07B911C9-DEF8-453E-B316-89EB2E3155F0}.Release|Any CPU.ActiveCfg = Release|Any CPU
		{07B911C9-DEF8-453E-B316-89EB2E3155F0}.Release|Any CPU.Build.0 = Release|Any CPU
		{4E9088E2-C7C6-4769-8A6C-1533490D072F}.Debug|Any CPU.ActiveCfg = Debug|Any CPU
		{4E9088E2-C7C6-4769-8A6C-1533490D072F}.Debug|Any CPU.Build.0 = Debug|Any CPU
		{4E9088E2-C7C6-4769-8A6C-1533490D072F}.Release|Any CPU.ActiveCfg = Release|Any CPU
		{4E9088E2-C7C6-4769-8A6C-1533490D072F}.Release|Any CPU.Build.0 = Release|Any CPU
		{CEE59883-2A50-4864-9B50-EC62BB1897A3}.Debug|Any CPU.ActiveCfg = Debug|Any CPU
		{CEE59883-2A50-4864-9B50-EC62BB1897A3}.Debug|Any CPU.Build.0 = Debug|Any CPU
		{CEE59883-2A50-4864-9B50-EC62BB1897A3}.Release|Any CPU.ActiveCfg = Release|Any CPU
		{CEE59883-2A50-4864-9B50-EC62BB1897A3}.Release|Any CPU.Build.0 = Release|Any CPU
		{47826BAD-248D-42D9-A97B-DA5399EE46B9}.Debug|Any CPU.ActiveCfg = Debug|Any CPU
		{47826BAD-248D-42D9-A97B-DA5399EE46B9}.Debug|Any CPU.Build.0 = Debug|Any CPU
		{47826BAD-248D-42D9-A97B-DA5399EE46B9}.Release|Any CPU.ActiveCfg = Release|Any CPU
		{47826BAD-248D-42D9-A97B-DA5399EE46B9}.Release|Any CPU.Build.0 = Release|Any CPU
		{AED5E79C-726B-43C3-91C3-315A26526538}.Debug|Any CPU.ActiveCfg = Debug|Any CPU
		{AED5E79C-726B-43C3-91C3-315A26526538}.Debug|Any CPU.Build.0 = Debug|Any CPU
		{AED5E79C-726B-43C3-91C3-315A26526538}.Release|Any CPU.ActiveCfg = Release|Any CPU
		{AED5E79C-726B-43C3-91C3-315A26526538}.Release|Any CPU.Build.0 = Release|Any CPU
		{30E90BD7-63D0-465E-87D3-0EDB81776605}.Debug|Any CPU.ActiveCfg = Debug|Any CPU
		{30E90BD7-63D0-465E-87D3-0EDB81776605}.Debug|Any CPU.Build.0 = Debug|Any CPU
		{30E90BD7-63D0-465E-87D3-0EDB81776605}.Release|Any CPU.ActiveCfg = Release|Any CPU
		{30E90BD7-63D0-465E-87D3-0EDB81776605}.Release|Any CPU.Build.0 = Release|Any CPU
	EndGlobalSection
	GlobalSection(SolutionProperties) = preSolution
		HideSolutionNode = FALSE
	EndGlobalSection
	GlobalSection(NestedProjects) = preSolution
		{030614F9-52AE-424F-8BA7-710BE2B66EB4} = {9CCE86B5-B23B-458A-8871-8CAA1454C414}
		{CAE45B85-D1B7-4EB0-A1C1-D27E9C98296D} = {9CCE86B5-B23B-458A-8871-8CAA1454C414}
		{55F6939A-9B06-4851-8088-D03C6F2C64AC} = {DEC28236-52D6-45AD-B723-C790D606DB7E}
		{651541CE-1BFD-4C3D-A0E2-E81D667BC980} = {9CCE86B5-B23B-458A-8871-8CAA1454C414}
		{DA4545E1-28DE-49BC-AEFD-CDE1002C6844} = {DACB768B-4319-49DE-97C8-17C2727C8CB4}
		{BA463354-7C28-4A7B-81AC-FACF339828B6} = {C1080D5E-6B56-4BFD-84E8-7E8371C40D61}
		{5686DBE5-C877-48D2-92E6-A6F105354AF8} = {B5150297-75F6-4ED2-9070-5F2EA58DA5E2}
		{07B911C9-DEF8-453E-B316-89EB2E3155F0} = {C1080D5E-6B56-4BFD-84E8-7E8371C40D61}
		{C1080D5E-6B56-4BFD-84E8-7E8371C40D61} = {030614F9-52AE-424F-8BA7-710BE2B66EB4}
		{B5150297-75F6-4ED2-9070-5F2EA58DA5E2} = {030614F9-52AE-424F-8BA7-710BE2B66EB4}
		{8B738192-B627-4230-B115-9B347615A62A} = {030614F9-52AE-424F-8BA7-710BE2B66EB4}
		{DACB768B-4319-49DE-97C8-17C2727C8CB4} = {CAE45B85-D1B7-4EB0-A1C1-D27E9C98296D}
		{DEC28236-52D6-45AD-B723-C790D606DB7E} = {CAE45B85-D1B7-4EB0-A1C1-D27E9C98296D}
		{61AA3CAD-2A03-4AE0-95A3-4E8163015AF1} = {CAE45B85-D1B7-4EB0-A1C1-D27E9C98296D}
		{4E9088E2-C7C6-4769-8A6C-1533490D072F} = {8B738192-B627-4230-B115-9B347615A62A}
		{CEE59883-2A50-4864-9B50-EC62BB1897A3} = {B5150297-75F6-4ED2-9070-5F2EA58DA5E2}
		{47826BAD-248D-42D9-A97B-DA5399EE46B9} = {61AA3CAD-2A03-4AE0-95A3-4E8163015AF1}
		{AED5E79C-726B-43C3-91C3-315A26526538} = {DEC28236-52D6-45AD-B723-C790D606DB7E}
		{30E90BD7-63D0-465E-87D3-0EDB81776605} = {DACB768B-4319-49DE-97C8-17C2727C8CB4}
	EndGlobalSection
	GlobalSection(ExtensibilityGlobals) = postSolution
		SolutionGuid = {7494C9B1-CC7A-4FF4-882E-B6E4185B0F03}
	EndGlobalSection
EndGlobal
